PODS:
  - Fritz (3.7.0):
    - Fritz/Vision (= 3.7.0)
  - Fritz/Vision (3.7.0):
    - FritzBase/Vision (= 3.7.0)
  - Fritz/VisionSegmentationModel/Pet (3.7.0):
    - FritzVisionPetSegmentationModel (= 3.7.0)
  - FritzBase/Core (3.7.0)
  - FritzBase/CoreMLHelpers (3.7.0)
  - FritzBase/ManagedModel (3.7.0):
    - FritzBase/Core (= 3.7.0)
  - FritzBase/Vision (3.7.0):
    - FritzBase/Core (= 3.7.0)
    - FritzBase/CoreMLHelpers (= 3.7.0)
    - FritzBase/ManagedModel (= 3.7.0)
  - FritzVisionPetSegmentationModel (3.7.0):
    - FritzBase/Vision (= 3.7.0)

DEPENDENCIES:
  - Fritz (~> 3.7.0)
  - Fritz/VisionSegmentationModel/Pet

SPEC REPOS:
  trunk:
    - Fritz
    - FritzBase
    - FritzVisionPetSegmentationModel

SPEC CHECKSUMS:
  Fritz: 9a069783f9024c98656c9ac4fa0f30712c1ec23b
  FritzBase: 664ec16001a9d03536dae03dcbc469452bf040b9
  FritzVisionPetSegmentationModel: efb2801ffcf1ddc2ff2e5f10b89876836b08e07f

PODFILE CHECKSUM: 03af149e862152fded975fb6da3bc86047aa2eb7

COCOAPODS: 1.8.0.beta.1
